# This file is automatically @generated by Poetry 1.5.0 and should not be changed by hand.

[[package]]
name = "typing-extensions"
version = "4.6.2"
description = "Backported and Experimental Type Hints for Python 3.7+"
optional = false
python-versions = ">=3.7"
files = [
    {file = "typing_extensions-4.6.2-py3-none-any.whl", hash = "sha256:3a8b36f13dd5fdc5d1b16fe317f5668545de77fa0b8e02006381fd49d731ab98"},
    {file = "typing_extensions-4.6.2.tar.gz", hash = "sha256:06006244c70ac8ee83fa8282cb188f697b8db25bc8b4df07be1873c43897060c"},
]

[[package]]
name = "vbml"
version = "1.1.post1"
description = "Way to check, match & resist. Sofisticated object oriented regex-based text parser"
optional = false
python-versions = ">=3.7,<4.0"
files = [
    {file = "vbml-1.1.post1-py3-none-any.whl", hash = "sha256:e3037c3f67b79128c48a100326fde833345e7d1e0d466566d37c2c98d08a587d"},
    {file = "vbml-1.1.post1.tar.gz", hash = "sha256:59e852b35b2c4d3f8e7d927ab2e0a9dde753f3427ab9a61aca7ed2f4d3986f3c"},
]

[package.dependencies]
typing_extensions = "*"

[metadata]
lock-version = "2.0"
python-versions = "^3.9"
content-hash = "2dc44b2561e0af797571662ed09ea29428b9adf77f01014214d32b103c6bd6ef"
